
Microsoft Visual Studio Solution File, Format Version 12.00
# Visual Studio Version 17
VisualStudioVersion = 17.9.34616.47
MinimumVisualStudioVersion = 10.0.40219.1
Project("{9A19103F-16F7-4668-BE54-9A1E7A4F7556}") = "Mediatr.AzureFunctions", "Mediatr.AzureFunctions\Mediatr.AzureFunctions.csproj", "{E9EE5084-D1CC-4330-A6F3-F5BDEC58AABC}"
EndProject
Project("{FAE04EC0-301F-11D3-BF4B-00C04F79EFBC}") = "Mediatr.AzureFunctions.Tests", "Mediatr.AzureFunctions.Tests\Mediatr.AzureFunctions.Tests.csproj", "{4021E746-C0CC-4564-9D7F-90C8A4C98964}"
EndProject
Global
	GlobalSection(SolutionConfigurationPlatforms) = preSolution
		Debug|Any CPU = Debug|Any CPU
		Release|Any CPU = Release|Any CPU
	EndGlobalSection
	GlobalSection(ProjectConfigurationPlatforms) = postSolution
		{E9EE5084-D1CC-4330-A6F3-F5BDEC58AABC}.Debug|Any CPU.ActiveCfg = Debug|Any CPU
		{E9EE5084-D1CC-4330-A6F3-F5BDEC58AABC}.Debug|Any CPU.Build.0 = Debug|Any CPU
		{E9EE5084-D1CC-4330-A6F3-F5BDEC58AABC}.Release|Any CPU.ActiveCfg = Release|Any CPU
		{E9EE5084-D1CC-4330-A6F3-F5BDEC58AABC}.Release|Any CPU.Build.0 = Release|Any CPU
		{4021E746-C0CC-4564-9D7F-90C8A4C98964}.Debug|Any CPU.ActiveCfg = Debug|Any CPU
		{4021E746-C0CC-4564-9D7F-90C8A4C98964}.Debug|Any CPU.Build.0 = Debug|Any CPU
		{4021E746-C0CC-4564-9D7F-90C8A4C98964}.Release|Any CPU.ActiveCfg = Release|Any CPU
		{4021E746-C0CC-4564-9D7F-90C8A4C98964}.Release|Any CPU.Build.0 = Release|Any CPU
	EndGlobalSection
	GlobalSection(SolutionProperties) = preSolution
		HideSolutionNode = FALSE
	EndGlobalSection
	GlobalSection(ExtensibilityGlobals) = postSolution
		SolutionGuid = {E6726D69-8974-42F3-88F6-E3DA8840CA99}
	EndGlobalSection
EndGlobal
